
Microsoft Visual Studio Solution File, Format Version 12.00
Project("{FAE04EC0-301F-11D3-BF4B-00C04F79EFBC}") = "SystemTextJsonExamples", "SystemTextJsonExamples\SystemTextJsonExamples.csproj", "{A7D91E95-48A5-48EF-9A36-210C127701A0}"
EndProject
Project("{FAE04EC0-301F-11D3-BF4B-00C04F79EFBC}") = "NewtonsoftJsonExamples", "NewtonsoftJsonExamples\NewtonsoftJsonExamples.csproj", "{EE7049CF-26DC-4325-BAC4-8C541CBA5CD9}"
EndProject
Global
	GlobalSection(SolutionConfigurationPlatforms) = preSolution
		Debug|Any CPU = Debug|Any CPU
		Release|Any CPU = Release|Any CPU
	EndGlobalSection
	GlobalSection(ProjectConfigurationPlatforms) = postSolution
		{A7D91E95-48A5-48EF-9A36-210C127701A0}.Debug|Any CPU.ActiveCfg = Debug|Any CPU
		{A7D91E95-48A5-48EF-9A36-210C127701A0}.Debug|Any CPU.Build.0 = Debug|Any CPU
		{A7D91E95-48A5-48EF-9A36-210C127701A0}.Release|Any CPU.ActiveCfg = Release|Any CPU
		{A7D91E95-48A5-48EF-9A36-210C127701A0}.Release|Any CPU.Build.0 = Release|Any CPU
		{EE7049CF-26DC-4325-BAC4-8C541CBA5CD9}.Debug|Any CPU.ActiveCfg = Debug|Any CPU
		{EE7049CF-26DC-4325-BAC4-8C541CBA5CD9}.Debug|Any CPU.Build.0 = Debug|Any CPU
		{EE7049CF-26DC-4325-BAC4-8C541CBA5CD9}.Release|Any CPU.ActiveCfg = Release|Any CPU
		{EE7049CF-26DC-4325-BAC4-8C541CBA5CD9}.Release|Any CPU.Build.0 = Release|Any CPU
	EndGlobalSection
EndGlobal
